
Microsoft Visual Studio Solution File, Format Version 12.00
# Visual Studio Version 17
VisualStudioVersion = 17.7.34031.279
MinimumVisualStudioVersion = 10.0.40219.1
Project("{9A19103F-16F7-4668-BE54-9A1E7A4F7556}") = "SampleLogInWebApp", "SampleLoginWebApp\SampleLoginWebApp.csproj", "{8378D03C-88F5-4BAB-AD6F-F9BED8888722}"
EndProject
Global
	GlobalSection(SolutionConfigurationPlatforms) = preSolution
		Debug|Any CPU = Debug|Any CPU
		Release|Any CPU = Release|Any CPU
	EndGlobalSection
	GlobalSection(ProjectConfigurationPlatforms) = postSolution
		{8378D03C-88F5-4BAB-AD6F-F9BED8888722}.Debug|Any CPU.ActiveCfg = Debug|Any CPU
		{8378D03C-88F5-4BAB-AD6F-F9BED8888722}.Debug|Any CPU.Build.0 = Debug|Any CPU
		{8378D03C-88F5-4BAB-AD6F-F9BED8888722}.Release|Any CPU.ActiveCfg = Release|Any CPU
		{8378D03C-88F5-4BAB-AD6F-F9BED8888722}.Release|Any CPU.Build.0 = Release|Any CPU
	EndGlobalSection
	GlobalSection(SolutionProperties) = preSolution
		HideSolutionNode = FALSE
	EndGlobalSection
	GlobalSection(ExtensibilityGlobals) = postSolution
		SolutionGuid = {16A2C5DC-2854-4E48-983E-08EF99F892F7}
	EndGlobalSection
EndGlobal
